
Microsoft Visual Studio Solution File, Format Version 12.00
# Visual Studio Version 17
VisualStudioVersion = 17.4.33205.214
MinimumVisualStudioVersion = 10.0.40219.1
Project("{9A19103F-16F7-4668-BE54-9A1E7A4F7556}") = "MedicalApp", "MedicalApp\MedicalApp.csproj", "{D58D6591-D38C-473E-A4EC-5AB665EFCE3C}"
EndProject
Project("{FAE04EC0-301F-11D3-BF4B-00C04F79EFBC}") = "Tests", "Tests\Tests.csproj", "{4580435C-B1B1-4C2B-9DAF-2A220C6E32A2}"
EndProject
Global
	GlobalSection(SolutionConfigurationPlatforms) = preSolution
		Debug|Any CPU = Debug|Any CPU
		Release|Any CPU = Release|Any CPU
	EndGlobalSection
	GlobalSection(ProjectConfigurationPlatforms) = postSolution
		{D58D6591-D38C-473E-A4EC-5AB665EFCE3C}.Debug|Any CPU.ActiveCfg = Debug|Any CPU
		{D58D6591-D38C-473E-A4EC-5AB665EFCE3C}.Debug|Any CPU.Build.0 = Debug|Any CPU
		{D58D6591-D38C-473E-A4EC-5AB665EFCE3C}.Release|Any CPU.ActiveCfg = Release|Any CPU
		{D58D6591-D38C-473E-A4EC-5AB665EFCE3C}.Release|Any CPU.Build.0 = Release|Any CPU
		{4580435C-B1B1-4C2B-9DAF-2A220C6E32A2}.Debug|Any CPU.ActiveCfg = Debug|Any CPU
		{4580435C-B1B1-4C2B-9DAF-2A220C6E32A2}.Debug|Any CPU.Build.0 = Debug|Any CPU
		{4580435C-B1B1-4C2B-9DAF-2A220C6E32A2}.Release|Any CPU.ActiveCfg = Release|Any CPU
		{4580435C-B1B1-4C2B-9DAF-2A220C6E32A2}.Release|Any CPU.Build.0 = Release|Any CPU
	EndGlobalSection
	GlobalSection(SolutionProperties) = preSolution
		HideSolutionNode = FALSE
	EndGlobalSection
	GlobalSection(ExtensibilityGlobals) = postSolution
		SolutionGuid = {29FB95D3-87B7-49E7-882E-CE609DE8650C}
	EndGlobalSection
EndGlobal
